
Microsoft Visual Studio Solution File, Format Version 12.00
# Visual Studio 2013
VisualStudioVersion = 12.0.31101.0
MinimumVisualStudioVersion = 10.0.40219.1
Project("{FAE04EC0-301F-11D3-BF4B-00C04F79EFBC}") = "QmsServer", "QMS\QmsServer.csproj", "{4CBCB53B-B210-45DD-B770-727C60E5A3D6}"
EndProject
Project("{FAE04EC0-301F-11D3-BF4B-00C04F79EFBC}") = "QmsLib", "QmsLib\QmsLib.csproj", "{3E065047-8E94-4731-9CB7-1CE22C951D13}"
EndProject
Project("{FAE04EC0-301F-11D3-BF4B-00C04F79EFBC}") = "WeightSensor", "WeightSensor\WeightSensor.csproj", "{47F340B7-8856-4632-A0D2-24CE301AC954}"
EndProject
Project("{FAE04EC0-301F-11D3-BF4B-00C04F79EFBC}") = "InvalidSensor", "InvalidSensor\InvalidSensor.csproj", "{7BC44E54-A91F-4876-9AEF-230E33BD20AD}"
EndProject
Project("{2150E333-8FDC-42A3-9474-1A3956D46DE8}") = "Sensors", "Sensors", "{9D015429-725A-4368-9D9C-48FFD1C52488}"
EndProject
Project("{FAE04EC0-301F-11D3-BF4B-00C04F79EFBC}") = "TemperatureSensor", "TemperatureSensor\TemperatureSensor.csproj", "{9FC9966A-1F22-432A-BEFD-DA8C34F116BC}"
	ProjectSection(ProjectDependencies) = postProject
		{3E065047-8E94-4731-9CB7-1CE22C951D13} = {3E065047-8E94-4731-9CB7-1CE22C951D13}
	EndProjectSection
EndProject
Project("{FAE04EC0-301F-11D3-BF4B-00C04F79EFBC}") = "PregnantSensor", "PregnantSensor\PregnantSensor.csproj", "{B73364EE-B37B-4862-98EE-8011EB64C88E}"
EndProject
Project("{2150E333-8FDC-42A3-9474-1A3956D46DE8}") = "Queues", "Queues", "{E3B4C965-B901-4FD6-90ED-8462868D9337}"
EndProject
Project("{FAE04EC0-301F-11D3-BF4B-00C04F79EFBC}") = "QueuesRunner", "QueuesRunner\QueuesRunner.csproj", "{0008EFA4-AC6A-44F9-ABAC-22E8930287A2}"
EndProject
Global
	GlobalSection(SolutionConfigurationPlatforms) = preSolution
		All|Any CPU = All|Any CPU
		Debug|Any CPU = Debug|Any CPU
		QmsServerAlone|Any CPU = QmsServerAlone|Any CPU
		Release|Any CPU = Release|Any CPU
	EndGlobalSection
	GlobalSection(ProjectConfigurationPlatforms) = postSolution
		{4CBCB53B-B210-45DD-B770-727C60E5A3D6}.All|Any CPU.ActiveCfg = All|Any CPU
		{4CBCB53B-B210-45DD-B770-727C60E5A3D6}.All|Any CPU.Build.0 = All|Any CPU
		{4CBCB53B-B210-45DD-B770-727C60E5A3D6}.Debug|Any CPU.ActiveCfg = Debug|Any CPU
		{4CBCB53B-B210-45DD-B770-727C60E5A3D6}.Debug|Any CPU.Build.0 = Debug|Any CPU
		{4CBCB53B-B210-45DD-B770-727C60E5A3D6}.QmsServerAlone|Any CPU.ActiveCfg = QmsServerAlone|Any CPU
		{4CBCB53B-B210-45DD-B770-727C60E5A3D6}.QmsServerAlone|Any CPU.Build.0 = QmsServerAlone|Any CPU
		{4CBCB53B-B210-45DD-B770-727C60E5A3D6}.Release|Any CPU.ActiveCfg = Release|Any CPU
		{4CBCB53B-B210-45DD-B770-727C60E5A3D6}.Release|Any CPU.Build.0 = Release|Any CPU
		{3E065047-8E94-4731-9CB7-1CE22C951D13}.All|Any CPU.ActiveCfg = All|Any CPU
		{3E065047-8E94-4731-9CB7-1CE22C951D13}.All|Any CPU.Build.0 = All|Any CPU
		{3E065047-8E94-4731-9CB7-1CE22C951D13}.Debug|Any CPU.ActiveCfg = Debug|Any CPU
		{3E065047-8E94-4731-9CB7-1CE22C951D13}.Debug|Any CPU.Build.0 = Debug|Any CPU
		{3E065047-8E94-4731-9CB7-1CE22C951D13}.QmsServerAlone|Any CPU.ActiveCfg = QmsServerAlone|Any CPU
		{3E065047-8E94-4731-9CB7-1CE22C951D13}.Release|Any CPU.ActiveCfg = Release|Any CPU
		{3E065047-8E94-4731-9CB7-1CE22C951D13}.Release|Any CPU.Build.0 = Release|Any CPU
		{47F340B7-8856-4632-A0D2-24CE301AC954}.All|Any CPU.ActiveCfg = All|Any CPU
		{47F340B7-8856-4632-A0D2-24CE301AC954}.All|Any CPU.Build.0 = All|Any CPU
		{47F340B7-8856-4632-A0D2-24CE301AC954}.Debug|Any CPU.ActiveCfg = Debug|Any CPU
		{47F340B7-8856-4632-A0D2-24CE301AC954}.Debug|Any CPU.Build.0 = Debug|Any CPU
		{47F340B7-8856-4632-A0D2-24CE301AC954}.QmsServerAlone|Any CPU.ActiveCfg = QmsServerAlone|Any CPU
		{47F340B7-8856-4632-A0D2-24CE301AC954}.Release|Any CPU.ActiveCfg = Release|Any CPU
		{47F340B7-8856-4632-A0D2-24CE301AC954}.Release|Any CPU.Build.0 = Release|Any CPU
		{7BC44E54-A91F-4876-9AEF-230E33BD20AD}.All|Any CPU.ActiveCfg = All|Any CPU
		{7BC44E54-A91F-4876-9AEF-230E33BD20AD}.All|Any CPU.Build.0 = All|Any CPU
		{7BC44E54-A91F-4876-9AEF-230E33BD20AD}.Debug|Any CPU.ActiveCfg = Debug|Any CPU
		{7BC44E54-A91F-4876-9AEF-230E33BD20AD}.Debug|Any CPU.Build.0 = Debug|Any CPU
		{7BC44E54-A91F-4876-9AEF-230E33BD20AD}.QmsServerAlone|Any CPU.ActiveCfg = QmsServerAlone|Any CPU
		{7BC44E54-A91F-4876-9AEF-230E33BD20AD}.Release|Any CPU.ActiveCfg = Release|Any CPU
		{7BC44E54-A91F-4876-9AEF-230E33BD20AD}.Release|Any CPU.Build.0 = Release|Any CPU
		{9FC9966A-1F22-432A-BEFD-DA8C34F116BC}.All|Any CPU.ActiveCfg = All|Any CPU
		{9FC9966A-1F22-432A-BEFD-DA8C34F116BC}.All|Any CPU.Build.0 = All|Any CPU
		{9FC9966A-1F22-432A-BEFD-DA8C34F116BC}.Debug|Any CPU.ActiveCfg = Debug|Any CPU
		{9FC9966A-1F22-432A-BEFD-DA8C34F116BC}.Debug|Any CPU.Build.0 = Debug|Any CPU
		{9FC9966A-1F22-432A-BEFD-DA8C34F116BC}.QmsServerAlone|Any CPU.ActiveCfg = QmsServerAlone|Any CPU
		{9FC9966A-1F22-432A-BEFD-DA8C34F116BC}.Release|Any CPU.ActiveCfg = Release|Any CPU
		{9FC9966A-1F22-432A-BEFD-DA8C34F116BC}.Release|Any CPU.Build.0 = Release|Any CPU
		{B73364EE-B37B-4862-98EE-8011EB64C88E}.All|Any CPU.ActiveCfg = All|Any CPU
		{B73364EE-B37B-4862-98EE-8011EB64C88E}.All|Any CPU.Build.0 = All|Any CPU
		{B73364EE-B37B-4862-98EE-8011EB64C88E}.Debug|Any CPU.ActiveCfg = Debug|Any CPU
		{B73364EE-B37B-4862-98EE-8011EB64C88E}.Debug|Any CPU.Build.0 = Debug|Any CPU
		{B73364EE-B37B-4862-98EE-8011EB64C88E}.QmsServerAlone|Any CPU.ActiveCfg = QmsServerAlone|Any CPU
		{B73364EE-B37B-4862-98EE-8011EB64C88E}.Release|Any CPU.ActiveCfg = Release|Any CPU
		{B73364EE-B37B-4862-98EE-8011EB64C88E}.Release|Any CPU.Build.0 = Release|Any CPU
		{0008EFA4-AC6A-44F9-ABAC-22E8930287A2}.All|Any CPU.ActiveCfg = All|Any CPU
		{0008EFA4-AC6A-44F9-ABAC-22E8930287A2}.All|Any CPU.Build.0 = All|Any CPU
		{0008EFA4-AC6A-44F9-ABAC-22E8930287A2}.Debug|Any CPU.ActiveCfg = Debug|Any CPU
		{0008EFA4-AC6A-44F9-ABAC-22E8930287A2}.Debug|Any CPU.Build.0 = Debug|Any CPU
		{0008EFA4-AC6A-44F9-ABAC-22E8930287A2}.QmsServerAlone|Any CPU.ActiveCfg = QmsServerAlone|Any CPU
		{0008EFA4-AC6A-44F9-ABAC-22E8930287A2}.Release|Any CPU.ActiveCfg = Release|Any CPU
		{0008EFA4-AC6A-44F9-ABAC-22E8930287A2}.Release|Any CPU.Build.0 = Release|Any CPU
	EndGlobalSection
	GlobalSection(SolutionProperties) = preSolution
		HideSolutionNode = FALSE
	EndGlobalSection
	GlobalSection(NestedProjects) = preSolution
		{47F340B7-8856-4632-A0D2-24CE301AC954} = {9D015429-725A-4368-9D9C-48FFD1C52488}
		{7BC44E54-A91F-4876-9AEF-230E33BD20AD} = {9D015429-725A-4368-9D9C-48FFD1C52488}
		{9FC9966A-1F22-432A-BEFD-DA8C34F116BC} = {9D015429-725A-4368-9D9C-48FFD1C52488}
		{B73364EE-B37B-4862-98EE-8011EB64C88E} = {9D015429-725A-4368-9D9C-48FFD1C52488}
		{0008EFA4-AC6A-44F9-ABAC-22E8930287A2} = {E3B4C965-B901-4FD6-90ED-8462868D9337}
	EndGlobalSection
EndGlobal
